
Microsoft Visual Studio Solution File, Format Version 12.00
# Visual Studio Version 17
VisualStudioVersion = 17.7.34031.279
MinimumVisualStudioVersion = 10.0.40219.1
Project("{FAE04EC0-301F-11D3-BF4B-00C04F79EFBC}") = "KURSACH OP", "KURSACH OP\KURSACH OP.csproj", "{600A89FF-9941-4DD8-AE96-857D30F457DF}"
EndProject
Project("{2150E333-8FDC-42A3-9474-1A3956D46DE8}") = "Элементы решения", "Элементы решения", "{6C3DAE4C-CBDF-400E-9BF8-B3ADCB45B34D}"
EndProject
Project("{FAE04EC0-301F-11D3-BF4B-00C04F79EFBC}") = "TestProject1", "TestProject1\TestProject1.csproj", "{9FC9A1E4-A7E7-4D56-83FC-02212B9D0812}"
EndProject
Global
	GlobalSection(SolutionConfigurationPlatforms) = preSolution
		Debug|Any CPU = Debug|Any CPU
		Release|Any CPU = Release|Any CPU
	EndGlobalSection
	GlobalSection(ProjectConfigurationPlatforms) = postSolution
		{600A89FF-9941-4DD8-AE96-857D30F457DF}.Debug|Any CPU.ActiveCfg = Debug|Any CPU
		{600A89FF-9941-4DD8-AE96-857D30F457DF}.Debug|Any CPU.Build.0 = Debug|Any CPU
		{600A89FF-9941-4DD8-AE96-857D30F457DF}.Release|Any CPU.ActiveCfg = Release|Any CPU
		{600A89FF-9941-4DD8-AE96-857D30F457DF}.Release|Any CPU.Build.0 = Release|Any CPU
		{9FC9A1E4-A7E7-4D56-83FC-02212B9D0812}.Debug|Any CPU.ActiveCfg = Debug|Any CPU
		{9FC9A1E4-A7E7-4D56-83FC-02212B9D0812}.Debug|Any CPU.Build.0 = Debug|Any CPU
		{9FC9A1E4-A7E7-4D56-83FC-02212B9D0812}.Release|Any CPU.ActiveCfg = Release|Any CPU
		{9FC9A1E4-A7E7-4D56-83FC-02212B9D0812}.Release|Any CPU.Build.0 = Release|Any CPU
	EndGlobalSection
	GlobalSection(SolutionProperties) = preSolution
		HideSolutionNode = FALSE
	EndGlobalSection
	GlobalSection(ExtensibilityGlobals) = postSolution
		SolutionGuid = {12AAA058-39C4-4058-B331-D6A592511A98}
	EndGlobalSection
EndGlobal
